// !$*UTF8*$!
{
	archiveVersion = 1;
	classes = {
	};
	objectVersion = 55;
	objects = {

/* Begin PBXBuildFile section */
		4B8AC68028408719003E9783 /* MVVM_CombineTrainingApp.swift in Sources */ = {isa = PBXBuildFile; fileRef = 4B8AC67F28408719003E9783 /* MVVM_CombineTrainingApp.swift */; };
		4B8AC68228408719003E9783 /* ContentView.swift in Sources */ = {isa = PBXBuildFile; fileRef = 4B8AC68128408719003E9783 /* ContentView.swift */; };
		4B8AC6842840871C003E9783 /* Assets.xcassets in Resources */ = {isa = PBXBuildFile; fileRef = 4B8AC6832840871C003E9783 /* Assets.xcassets */; };
		4B8AC6872840871C003E9783 /* Preview Assets.xcassets in Resources */ = {isa = PBXBuildFile; fileRef = 4B8AC6862840871C003E9783 /* Preview Assets.xcassets */; };
		4B8AC6912840871C003E9783 /* MVVM_CombineTrainingTests.swift in Sources */ = {isa = PBXBuildFile; fileRef = 4B8AC6902840871C003E9783 /* MVVM_CombineTrainingTests.swift */; };
		4B8AC69B2840871C003E9783 /* MVVM_CombineTrainingUITests.swift in Sources */ = {isa = PBXBuildFile; fileRef = 4B8AC69A2840871C003E9783 /* MVVM_CombineTrainingUITests.swift */; };
		4B8AC69D2840871C003E9783 /* MVVM_CombineTrainingUITestsLaunchTests.swift in Sources */ = {isa = PBXBuildFile; fileRef = 4B8AC69C2840871C003E9783 /* MVVM_CombineTrainingUITestsLaunchTests.swift */; };
		4B8AC6AA28409384003E9783 /* LoginModel.swift in Sources */ = {isa = PBXBuildFile; fileRef = 4B8AC6A928409384003E9783 /* LoginModel.swift */; };
		4B8AC6AC284094FC003E9783 /* LoginViewModel.swift in Sources */ = {isa = PBXBuildFile; fileRef = 4B8AC6AB284094FC003E9783 /* LoginViewModel.swift */; };
		4B8AC6F428435090003E9783 /* CombineCocoa in Frameworks */ = {isa = PBXBuildFile; productRef = 4B8AC6F328435090003E9783 /* CombineCocoa */; };
/* End PBXBuildFile section */

/* Begin PBXContainerItemProxy section */
		4B8AC68D2840871C003E9783 /* PBXContainerItemProxy */ = {
			isa = PBXContainerItemProxy;
			containerPortal = 4B8AC67428408719003E9783 /* Project object */;
			proxyType = 1;
			remoteGlobalIDString = 4B8AC67B28408719003E9783;
			remoteInfo = "MVVM+CombineTraining";
		};
		4B8AC6972840871C003E9783 /* PBXContainerItemProxy */ = {
			isa = PBXContainerItemProxy;
			containerPortal = 4B8AC67428408719003E9783 /* Project object */;
			proxyType = 1;
			remoteGlobalIDString = 4B8AC67B28408719003E9783;
			remoteInfo = "MVVM+CombineTraining";
		};
/* End PBXContainerItemProxy section */

/* Begin PBXFileReference section */
		4B8AC67C28408719003E9783 /* MVVM+CombineTraining.app */ = {isa = PBXFileReference; explicitFileType = wrapper.application; includeInIndex = 0; path = "MVVM+CombineTraining.app"; sourceTree = BUILT_PRODUCTS_DIR; };
		4B8AC67F28408719003E9783 /* MVVM_CombineTrainingApp.swift */ = {isa = PBXFileReference; lastKnownFileType = sourcecode.swift; path = MVVM_CombineTrainingApp.swift; sourceTree = "<group>"; };
		4B8AC68128408719003E9783 /* ContentView.swift */ = {isa = PBXFileReference; lastKnownFileType = sourcecode.swift; path = ContentView.swift; sourceTree = "<group>"; };
		4B8AC6832840871C003E9783 /* Assets.xcassets */ = {isa = PBXFileReference; lastKnownFileType = folder.assetcatalog; path = Assets.xcassets; sourceTree = "<group>"; };
		4B8AC6862840871C003E9783 /* Preview Assets.xcassets */ = {isa = PBXFileReference; lastKnownFileType = folder.assetcatalog; path = "Preview Assets.xcassets"; sourceTree = "<group>"; };
		4B8AC68C2840871C003E9783 /* MVVM+CombineTrainingTests.xctest */ = {isa = PBXFileReference; explicitFileType = wrapper.cfbundle; includeInIndex = 0; path = "MVVM+CombineTrainingTests.xctest"; sourceTree = BUILT_PRODUCTS_DIR; };
		4B8AC6902840871C003E9783 /* MVVM_CombineTrainingTests.swift */ = {isa = PBXFileReference; lastKnownFileType = sourcecode.swift; path = MVVM_CombineTrainingTests.swift; sourceTree = "<group>"; };
		4B8AC6962840871C003E9783 /* MVVM+CombineTrainingUITests.xctest */ = {isa = PBXFileReference; explicitFileType = wrapper.cfbundle; includeInIndex = 0; path = "MVVM+CombineTrainingUITests.xctest"; sourceTree = BUILT_PRODUCTS_DIR; };
		4B8AC69A2840871C003E9783 /* MVVM_CombineTrainingUITests.swift */ = {isa = PBXFileReference; lastKnownFileType = sourcecode.swift; path = MVVM_CombineTrainingUITests.swift; sourceTree = "<group>"; };
		4B8AC69C2840871C003E9783 /* MVVM_CombineTrainingUITestsLaunchTests.swift */ = {isa = PBXFileReference; lastKnownFileType = sourcecode.swift; path = MVVM_CombineTrainingUITestsLaunchTests.swift; sourceTree = "<group>"; };
		4B8AC6A928409384003E9783 /* LoginModel.swift */ = {isa = PBXFileReference; lastKnownFileType = sourcecode.swift; path = LoginModel.swift; sourceTree = "<group>"; };
		4B8AC6AB284094FC003E9783 /* LoginViewModel.swift */ = {isa = PBXFileReference; lastKnownFileType = sourcecode.swift; path = LoginViewModel.swift; sourceTree = "<group>"; };
/* End PBXFileReference section */

/* Begin PBXFrameworksBuildPhase section */
		4B8AC67928408719003E9783 /* Frameworks */ = {
			isa = PBXFrameworksBuildPhase;
			buildActionMask = 2147483647;
			files = (
				4B8AC6F428435090003E9783 /* CombineCocoa in Frameworks */,
			);
			runOnlyForDeploymentPostprocessing = 0;
		};
		4B8AC6892840871C003E9783 /* Frameworks */ = {
			isa = PBXFrameworksBuildPhase;
			buildActionMask = 2147483647;
			files = (
			);
			runOnlyForDeploymentPostprocessing = 0;
		};
		4B8AC6932840871C003E9783 /* Frameworks */ = {
			isa = PBXFrameworksBuildPhase;
			buildActionMask = 2147483647;
			files = (
			);
			runOnlyForDeploymentPostprocessing = 0;
		};
/* End PBXFrameworksBuildPhase section */

/* Begin PBXGroup section */
		4B8AC67328408719003E9783 = {
			isa = PBXGroup;
			children = (
				4B8AC67E28408719003E9783 /* MVVM+CombineTraining */,
				4B8AC68F2840871C003E9783 /* MVVM+CombineTrainingTests */,
				4B8AC6992840871C003E9783 /* MVVM+CombineTrainingUITests */,
				4B8AC67D28408719003E9783 /* Products */,
			);
			sourceTree = "<group>";
		};
		4B8AC67D28408719003E9783 /* Products */ = {
			isa = PBXGroup;
			children = (
				4B8AC67C28408719003E9783 /* MVVM+CombineTraining.app */,
				4B8AC68C2840871C003E9783 /* MVVM+CombineTrainingTests.xctest */,
				4B8AC6962840871C003E9783 /* MVVM+CombineTrainingUITests.xctest */,
			);
			name = Products;
			sourceTree = "<group>";
		};
		4B8AC67E28408719003E9783 /* MVVM+CombineTraining */ = {
			isa = PBXGroup;
			children = (
				4B8AC67F28408719003E9783 /* MVVM_CombineTrainingApp.swift */,
				4B8AC68128408719003E9783 /* ContentView.swift */,
				4B8AC6A928409384003E9783 /* LoginModel.swift */,
				4B8AC6AB284094FC003E9783 /* LoginViewModel.swift */,
				4B8AC6832840871C003E9783 /* Assets.xcassets */,
				4B8AC6852840871C003E9783 /* Preview Content */,
			);
			path = "MVVM+CombineTraining";
			sourceTree = "<group>";
		};
		4B8AC6852840871C003E9783 /* Preview Content */ = {
			isa = PBXGroup;
			children = (
				4B8AC6862840871C003E9783 /* Preview Assets.xcassets */,
			);
			path = "Preview Content";
			sourceTree = "<group>";
		};
		4B8AC68F2840871C003E9783 /* MVVM+CombineTrainingTests */ = {
			isa = PBXGroup;
			children = (
				4B8AC6902840871C003E9783 /* MVVM_CombineTrainingTests.swift */,
			);
			path = "MVVM+CombineTrainingTests";
			sourceTree = "<group>";
		};
		4B8AC6992840871C003E9783 /* MVVM+CombineTrainingUITests */ = {
			isa = PBXGroup;
			children = (
				4B8AC69A2840871C003E9783 /* MVVM_CombineTrainingUITests.swift */,
				4B8AC69C2840871C003E9783 /* MVVM_CombineTrainingUITestsLaunchTests.swift */,
			);
			path = "MVVM+CombineTrainingUITests";
			sourceTree = "<group>";
		};
/* End PBXGroup section */

/* Begin PBXNativeTarget section */
		4B8AC67B28408719003E9783 /* MVVM+CombineTraining */ = {
			isa = PBXNativeTarget;
			buildConfigurationList = 4B8AC6A02840871C003E9783 /* Build configuration list for PBXNativeTarget "MVVM+CombineTraining" */;
			buildPhases = (
				4B8AC67828408719003E9783 /* Sources */,
				4B8AC67928408719003E9783 /* Frameworks */,
				4B8AC67A28408719003E9783 /* Resources */,
			);
			buildRules = (
			);
			dependencies = (
			);
			name = "MVVM+CombineTraining";
			packageProductDependencies = (
				4B8AC6F328435090003E9783 /* CombineCocoa */,
			);
			productName = "MVVM+CombineTraining";
			productReference = 4B8AC67C28408719003E9783 /* MVVM+CombineTraining.app */;
			productType = "com.apple.product-type.application";
		};
		4B8AC68B2840871C003E9783 /* MVVM+CombineTrainingTests */ = {
			isa = PBXNativeTarget;
			buildConfigurationList = 4B8AC6A32840871C003E9783 /* Build configuration list for PBXNativeTarget "MVVM+CombineTrainingTests" */;
			buildPhases = (
				4B8AC6882840871C003E9783 /* Sources */,
				4B8AC6892840871C003E9783 /* Frameworks */,
				4B8AC68A2840871C003E9783 /* Resources */,
			);
			buildRules = (
			);
			dependencies = (
				4B8AC68E2840871C003E9783 /* PBXTargetDependency */,
			);
			name = "MVVM+CombineTrainingTests";
			productName = "MVVM+CombineTrainingTests";
			productReference = 4B8AC68C2840871C003E9783 /* MVVM+CombineTrainingTests.xctest */;
			productType = "com.apple.product-type.bundle.unit-test";
		};
		4B8AC6952840871C003E9783 /* MVVM+CombineTrainingUITests */ = {
			isa = PBXNativeTarget;
			buildConfigurationList = 4B8AC6A62840871C003E9783 /* Build configuration list for PBXNativeTarget "MVVM+CombineTrainingUITests" */;
			buildPhases = (
				4B8AC6922840871C003E9783 /* Sources */,
				4B8AC6932840871C003E9783 /* Frameworks */,
				4B8AC6942840871C003E9783 /* Resources */,
			);
			buildRules = (
			);
			dependencies = (
				4B8AC6982840871C003E9783 /* PBXTargetDependency */,
			);
			name = "MVVM+CombineTrainingUITests";
			productName = "MVVM+CombineTrainingUITests";
			productReference = 4B8AC6962840871C003E9783 /* MVVM+CombineTrainingUITests.xctest */;
			productType = "com.apple.product-type.bundle.ui-testing";
		};
/* End PBXNativeTarget section */

/* Begin PBXProject section */
		4B8AC67428408719003E9783 /* Project object */ = {
			isa = PBXProject;
			attributes = {
				BuildIndependentTargetsInParallel = 1;
				LastSwiftUpdateCheck = 1320;
				LastUpgradeCheck = 1320;
				TargetAttributes = {
					4B8AC67B28408719003E9783 = {
						CreatedOnToolsVersion = 13.2.1;
					};
					4B8AC68B2840871C003E9783 = {
						CreatedOnToolsVersion = 13.2.1;
						TestTargetID = 4B8AC67B28408719003E9783;
					};
					4B8AC6952840871C003E9783 = {
						CreatedOnToolsVersion = 13.2.1;
						TestTargetID = 4B8AC67B28408719003E9783;
					};
				};
			};
			buildConfigurationList = 4B8AC67728408719003E9783 /* Build configuration list for PBXProject "MVVM+CombineTraining" */;
			compatibilityVersion = "Xcode 13.0";
			developmentRegion = en;
			hasScannedForEncodings = 0;
			knownRegions = (
				en,
				Base,
			);
			mainGroup = 4B8AC67328408719003E9783;
			packageReferences = (
				4B8AC6F228435090003E9783 /* XCRemoteSwiftPackageReference "CombineCocoa" */,
			);
			productRefGroup = 4B8AC67D28408719003E9783 /* Products */;
			projectDirPath = "";
			projectRoot = "";
			targets = (
				4B8AC67B28408719003E9783 /* MVVM+CombineTraining */,
				4B8AC68B2840871C003E9783 /* MVVM+CombineTrainingTests */,
				4B8AC6952840871C003E9783 /* MVVM+CombineTrainingUITests */,
			);
		};
/* End PBXProject section */

/* Begin PBXResourcesBuildPhase section */
		4B8AC67A28408719003E9783 /* Resources */ = {
			isa = PBXResourcesBuildPhase;
			buildActionMask = 2147483647;
			files = (
				4B8AC6872840871C003E9783 /* Preview Assets.xcassets in Resources */,
				4B8AC6842840871C003E9783 /* Assets.xcassets in Resources */,
			);
			runOnlyForDeploymentPostprocessing = 0;
		};
		4B8AC68A2840871C003E9783 /* Resources */ = {
			isa = PBXResourcesBuildPhase;
			buildActionMask = 2147483647;
			files = (
			);
			runOnlyForDeploymentPostprocessing = 0;
		};
		4B8AC6942840871C003E9783 /* Resources */ = {
			isa = PBXResourcesBuildPhase;
			buildActionMask = 2147483647;
			files = (
			);
			runOnlyForDeploymentPostprocessing = 0;
		};
/* End PBXResourcesBuildPhase section */

/* Begin PBXSourcesBuildPhase section */
		4B8AC67828408719003E9783 /* Sources */ = {
			isa = PBXSourcesBuildPhase;
			buildActionMask = 2147483647;
			files = (
				4B8AC6AC284094FC003E9783 /* LoginViewModel.swift in Sources */,
				4B8AC68228408719003E9783 /* ContentView.swift in Sources */,
				4B8AC6AA28409384003E9783 /* LoginModel.swift in Sources */,
				4B8AC68028408719003E9783 /* MVVM_CombineTrainingApp.swift in Sources */,
			);
			runOnlyForDeploymentPostprocessing = 0;
		};
		4B8AC6882840871C003E9783 /* Sources */ = {
			isa = PBXSourcesBuildPhase;
			buildActionMask = 2147483647;
			files = (
				4B8AC6912840871C003E9783 /* MVVM_CombineTrainingTests.swift in Sources */,
			);
			runOnlyForDeploymentPostprocessing = 0;
		};
		4B8AC6922840871C003E9783 /* Sources */ = {
			isa = PBXSourcesBuildPhase;
			buildActionMask = 2147483647;
			files = (
				4B8AC69D2840871C003E9783 /* MVVM_CombineTrainingUITestsLaunchTests.swift in Sources */,
				4B8AC69B2840871C003E9783 /* MVVM_CombineTrainingUITests.swift in Sources */,
			);
			runOnlyForDeploymentPostprocessing = 0;
		};
/* End PBXSourcesBuildPhase section */

/* Begin PBXTargetDependency section */
		4B8AC68E2840871C003E9783 /* PBXTargetDependency */ = {
			isa = PBXTargetDependency;
			target = 4B8AC67B28408719003E9783 /* MVVM+CombineTraining */;
			targetProxy = 4B8AC68D2840871C003E9783 /* PBXContainerItemProxy */;
		};
		4B8AC6982840871C003E9783 /* PBXTargetDependency */ = {
			isa = PBXTargetDependency;
			target = 4B8AC67B28408719003E9783 /* MVVM+CombineTraining */;
			targetProxy = 4B8AC6972840871C003E9783 /* PBXContainerItemProxy */;
		};
/* End PBXTargetDependency section */

/* Begin XCBuildConfiguration section */
		4B8AC69E2840871C003E9783 /* Debug */ = {
			isa = XCBuildConfiguration;
			buildSettings = {
				ALWAYS_SEARCH_USER_PATHS = NO;
				CLANG_ANALYZER_NONNULL = YES;
				CLANG_ANALYZER_NUMBER_OBJECT_CONVERSION = YES_AGGRESSIVE;
				CLANG_CXX_LANGUAGE_STANDARD = "gnu++17";
				CLANG_CXX_LIBRARY = "libc++";
				CLANG_ENABLE_MODULES = YES;
				CLANG_ENABLE_OBJC_ARC = YES;
				CLANG_ENABLE_OBJC_WEAK = YES;
				CLANG_WARN_BLOCK_CAPTURE_AUTORELEASING = YES;
				CLANG_WARN_BOOL_CONVERSION = YES;
				CLANG_WARN_COMMA = YES;
				CLANG_WARN_CONSTANT_CONVERSION = YES;
				CLANG_WARN_DEPRECATED_OBJC_IMPLEMENTATIONS = YES;
				CLANG_WARN_DIRECT_OBJC_ISA_USAGE = YES_ERROR;
				CLANG_WARN_DOCUMENTATION_COMMENTS = YES;
				CLANG_WARN_EMPTY_BODY = YES;
				CLANG_WARN_ENUM_CONVERSION = YES;
				CLANG_WARN_INFINITE_RECURSION = YES;
				CLANG_WARN_INT_CONVERSION = YES;
				CLANG_WARN_NON_LITERAL_NULL_CONVERSION = YES;
				CLANG_WARN_OBJC_IMPLICIT_RETAIN_SELF = YES;
				CLANG_WARN_OBJC_LITERAL_CONVERSION = YES;
				CLANG_WARN_OBJC_ROOT_CLASS = YES_ERROR;
				CLANG_WARN_QUOTED_INCLUDE_IN_FRAMEWORK_HEADER = YES;
				CLANG_WARN_RANGE_LOOP_ANALYSIS = YES;
				CLANG_WARN_STRICT_PROTOTYPES = YES;
				CLANG_WARN_SUSPICIOUS_MOVE = YES;
				CLANG_WARN_UNGUARDED_AVAILABILITY = YES_AGGRESSIVE;
				CLANG_WARN_UNREACHABLE_CODE = YES;
				CLANG_WARN__DUPLICATE_METHOD_MATCH = YES;
				COPY_PHASE_STRIP = NO;
				DEBUG_INFORMATION_FORMAT = dwarf;
				ENABLE_STRICT_OBJC_MSGSEND = YES;
				ENABLE_TESTABILITY = YES;
				GCC_C_LANGUAGE_STANDARD = gnu11;
				GCC_DYNAMIC_NO_PIC = NO;
				GCC_NO_COMMON_BLOCKS = YES;
				GCC_OPTIMIZATION_LEVEL = 0;
				GCC_PREPROCESSOR_DEFINITIONS = (
					"DEBUG=1",
					"$(inherited)",
				);
				GCC_WARN_64_TO_32_BIT_CONVERSION = YES;
				GCC_WARN_ABOUT_RETURN_TYPE = YES_ERROR;
				GCC_WARN_UNDECLARED_SELECTOR = YES;
				GCC_WARN_UNINITIALIZED_AUTOS = YES_AGGRESSIVE;
				GCC_WARN_UNUSED_FUNCTION = YES;
				GCC_WARN_UNUSED_VARIABLE = YES;
				IPHONEOS_DEPLOYMENT_TARGET = 15.2;
				MTL_ENABLE_DEBUG_INFO = INCLUDE_SOURCE;
				MTL_FAST_MATH = YES;
				ONLY_ACTIVE_ARCH = YES;
				SDKROOT = iphoneos;
				SWIFT_ACTIVE_COMPILATION_CONDITIONS = DEBUG;
				SWIFT_OPTIMIZATION_LEVEL = "-Onone";
			};
			name = Debug;
		};
		4B8AC69F2840871C003E9783 /* Release */ = {
			isa = XCBuildConfiguration;
			buildSettings = {
				ALWAYS_SEARCH_USER_PATHS = NO;
				CLANG_ANALYZER_NONNULL = YES;
				CLANG_ANALYZER_NUMBER_OBJECT_CONVERSION = YES_AGGRESSIVE;
				CLANG_CXX_LANGUAGE_STANDARD = "gnu++17";
				CLANG_CXX_LIBRARY = "libc++";
				CLANG_ENABLE_MODULES = YES;
				CLANG_ENABLE_OBJC_ARC = YES;
				CLANG_ENABLE_OBJC_WEAK = YES;
				CLANG_WARN_BLOCK_CAPTURE_AUTORELEASING = YES;
				CLANG_WARN_BOOL_CONVERSION = YES;
				CLANG_WARN_COMMA = YES;
				CLANG_WARN_CONSTANT_CONVERSION = YES;
				CLANG_WARN_DEPRECATED_OBJC_IMPLEMENTATIONS = YES;
				CLANG_WARN_DIRECT_OBJC_ISA_USAGE = YES_ERROR;
				CLANG_WARN_DOCUMENTATION_COMMENTS = YES;
				CLANG_WARN_EMPTY_BODY = YES;
				CLANG_WARN_ENUM_CONVERSION = YES;
				CLANG_WARN_INFINITE_RECURSION = YES;
				CLANG_WARN_INT_CONVERSION = YES;
				CLANG_WARN_NON_LITERAL_NULL_CONVERSION = YES;
				CLANG_WARN_OBJC_IMPLICIT_RETAIN_SELF = YES;
				CLANG_WARN_OBJC_LITERAL_CONVERSION = YES;
				CLANG_WARN_OBJC_ROOT_CLASS = YES_ERROR;
				CLANG_WARN_QUOTED_INCLUDE_IN_FRAMEWORK_HEADER = YES;
				CLANG_WARN_RANGE_LOOP_ANALYSIS = YES;
				CLANG_WARN_STRICT_PROTOTYPES = YES;
				CLANG_WARN_SUSPICIOUS_MOVE = YES;
				CLANG_WARN_UNGUARDED_AVAILABILITY = YES_AGGRESSIVE;
				CLANG_WARN_UNREACHABLE_CODE = YES;
				CLANG_WARN__DUPLICATE_METHOD_MATCH = YES;
				COPY_PHASE_STRIP = NO;
				DEBUG_INFORMATION_FORMAT = "dwarf-with-dsym";
				ENABLE_NS_ASSERTIONS = NO;
				ENABLE_STRICT_OBJC_MSGSEND = YES;
				GCC_C_LANGUAGE_STANDARD = gnu11;
				GCC_NO_COMMON_BLOCKS = YES;
				GCC_WARN_64_TO_32_BIT_CONVERSION = YES;
				GCC_WARN_ABOUT_RETURN_TYPE = YES_ERROR;
				GCC_WARN_UNDECLARED_SELECTOR = YES;
				GCC_WARN_UNINITIALIZED_AUTOS = YES_AGGRESSIVE;
				GCC_WARN_UNUSED_FUNCTION = YES;
				GCC_WARN_UNUSED_VARIABLE = YES;
				IPHONEOS_DEPLOYMENT_TARGET = 15.2;
				MTL_ENABLE_DEBUG_INFO = NO;
				MTL_FAST_MATH = YES;
				SDKROOT = iphoneos;
				SWIFT_COMPILATION_MODE = wholemodule;
				SWIFT_OPTIMIZATION_LEVEL = "-O";
				VALIDATE_PRODUCT = YES;
			};
			name = Release;
		};
		4B8AC6A12840871C003E9783 /* Debug */ = {
			isa = XCBuildConfiguration;
			buildSettings = {
				ASSETCATALOG_COMPILER_APPICON_NAME = AppIcon;
				ASSETCATALOG_COMPILER_GLOBAL_ACCENT_COLOR_NAME = AccentColor;
				CODE_SIGN_STYLE = Automatic;
				CURRENT_PROJECT_VERSION = 1;
				DEVELOPMENT_ASSET_PATHS = "\"MVVM+CombineTraining/Preview Content\"";
				DEVELOPMENT_TEAM = 2NGCBTHK5K;
				ENABLE_PREVIEWS = YES;
				GENERATE_INFOPLIST_FILE = YES;
				INFOPLIST_KEY_UIApplicationSceneManifest_Generation = YES;
				INFOPLIST_KEY_UIApplicationSupportsIndirectInputEvents = YES;
				INFOPLIST_KEY_UILaunchScreen_Generation = YES;
				INFOPLIST_KEY_UISupportedInterfaceOrientations_iPad = "UIInterfaceOrientationPortrait UIInterfaceOrientationPortraitUpsideDown UIInterfaceOrientationLandscapeLeft UIInterfaceOrientationLandscapeRight";
				INFOPLIST_KEY_UISupportedInterfaceOrientations_iPhone = "UIInterfaceOrientationPortrait UIInterfaceOrientationLandscapeLeft UIInterfaceOrientationLandscapeRight";
				LD_RUNPATH_SEARCH_PATHS = (
					"$(inherited)",
					"@executable_path/Frameworks",
				);
				MARKETING_VERSION = 1.0;
				PRODUCT_BUNDLE_IDENTIFIER = "kanbe1365.MVVM-CombineTraining";
				PRODUCT_NAME = "$(TARGET_NAME)";
				SWIFT_EMIT_LOC_STRINGS = YES;
				SWIFT_VERSION = 5.0;
				TARGETED_DEVICE_FAMILY = "1,2";
			};
			name = Debug;
		};
		4B8AC6A22840871C003E9783 /* Release */ = {
			isa = XCBuildConfiguration;
			buildSettings = {
				ASSETCATALOG_COMPILER_APPICON_NAME = AppIcon;
				ASSETCATALOG_COMPILER_GLOBAL_ACCENT_COLOR_NAME = AccentColor;
				CODE_SIGN_STYLE = Automatic;
				CURRENT_PROJECT_VERSION = 1;
				DEVELOPMENT_ASSET_PATHS = "\"MVVM+CombineTraining/Preview Content\"";
				DEVELOPMENT_TEAM = 2NGCBTHK5K;
				ENABLE_PREVIEWS = YES;
				GENERATE_INFOPLIST_FILE = YES;
				INFOPLIST_KEY_UIApplicationSceneManifest_Generation = YES;
				INFOPLIST_KEY_UIApplicationSupportsIndirectInputEvents = YES;
				INFOPLIST_KEY_UILaunchScreen_Generation = YES;
				INFOPLIST_KEY_UISupportedInterfaceOrientations_iPad = "UIInterfaceOrientationPortrait UIInterfaceOrientationPortraitUpsideDown UIInterfaceOrientationLandscapeLeft UIInterfaceOrientationLandscapeRight";
				INFOPLIST_KEY_UISupportedInterfaceOrientations_iPhone = "UIInterfaceOrientationPortrait UIInterfaceOrientationLandscapeLeft UIInterfaceOrientationLandscapeRight";
				LD_RUNPATH_SEARCH_PATHS = (
					"$(inherited)",
					"@executable_path/Frameworks",
				);
				MARKETING_VERSION = 1.0;
				PRODUCT_BUNDLE_IDENTIFIER = "kanbe1365.MVVM-CombineTraining";
				PRODUCT_NAME = "$(TARGET_NAME)";
				SWIFT_EMIT_LOC_STRINGS = YES;
				SWIFT_VERSION = 5.0;
				TARGETED_DEVICE_FAMILY = "1,2";
			};
			name = Release;
		};
		4B8AC6A42840871C003E9783 /* Debug */ = {
			isa = XCBuildConfiguration;
			buildSettings = {
				ALWAYS_EMBED_SWIFT_STANDARD_LIBRARIES = YES;
				BUNDLE_LOADER = "$(TEST_HOST)";
				CODE_SIGN_STYLE = Automatic;
				CURRENT_PROJECT_VERSION = 1;
				DEVELOPMENT_TEAM = 2NGCBTHK5K;
				GENERATE_INFOPLIST_FILE = YES;
				IPHONEOS_DEPLOYMENT_TARGET = 15.2;
				MARKETING_VERSION = 1.0;
				PRODUCT_BUNDLE_IDENTIFIER = "kanbe1365.MVVM-CombineTrainingTests";
				PRODUCT_NAME = "$(TARGET_NAME)";
				SWIFT_EMIT_LOC_STRINGS = NO;
				SWIFT_VERSION = 5.0;
				TARGETED_DEVICE_FAMILY = "1,2";
				TEST_HOST = "$(BUILT_PRODUCTS_DIR)/MVVM+CombineTraining.app/MVVM+CombineTraining";
			};
			name = Debug;
		};
		4B8AC6A52840871C003E9783 /* Release */ = {
			isa = XCBuildConfiguration;
			buildSettings = {
				ALWAYS_EMBED_SWIFT_STANDARD_LIBRARIES = YES;
				BUNDLE_LOADER = "$(TEST_HOST)";
				CODE_SIGN_STYLE = Automatic;
				CURRENT_PROJECT_VERSION = 1;
				DEVELOPMENT_TEAM = 2NGCBTHK5K;
				GENERATE_INFOPLIST_FILE = YES;
				IPHONEOS_DEPLOYMENT_TARGET = 15.2;
				MARKETING_VERSION = 1.0;
				PRODUCT_BUNDLE_IDENTIFIER = "kanbe1365.MVVM-CombineTrainingTests";
				PRODUCT_NAME = "$(TARGET_NAME)";
				SWIFT_EMIT_LOC_STRINGS = NO;
				SWIFT_VERSION = 5.0;
				TARGETED_DEVICE_FAMILY = "1,2";
				TEST_HOST = "$(BUILT_PRODUCTS_DIR)/MVVM+CombineTraining.app/MVVM+CombineTraining";
			};
			name = Release;
		};
		4B8AC6A72840871C003E9783 /* Debug */ = {
			isa = XCBuildConfiguration;
			buildSettings = {
				ALWAYS_EMBED_SWIFT_STANDARD_LIBRARIES = YES;
				CODE_SIGN_STYLE = Automatic;
				CURRENT_PROJECT_VERSION = 1;
				DEVELOPMENT_TEAM = 2NGCBTHK5K;
				GENERATE_INFOPLIST_FILE = YES;
				MARKETING_VERSION = 1.0;
				PRODUCT_BUNDLE_IDENTIFIER = "kanbe1365.MVVM-CombineTrainingUITests";
				PRODUCT_NAME = "$(TARGET_NAME)";
				SWIFT_EMIT_LOC_STRINGS = NO;
				SWIFT_VERSION = 5.0;
				TARGETED_DEVICE_FAMILY = "1,2";
				TEST_TARGET_NAME = "MVVM+CombineTraining";
			};
			name = Debug;
		};
		4B8AC6A82840871C003E9783 /* Release */ = {
			isa = XCBuildConfiguration;
			buildSettings = {
				ALWAYS_EMBED_SWIFT_STANDARD_LIBRARIES = YES;
				CODE_SIGN_STYLE = Automatic;
				CURRENT_PROJECT_VERSION = 1;
				DEVELOPMENT_TEAM = 2NGCBTHK5K;
				GENERATE_INFOPLIST_FILE = YES;
				MARKETING_VERSION = 1.0;
				PRODUCT_BUNDLE_IDENTIFIER = "kanbe1365.MVVM-CombineTrainingUITests";
				PRODUCT_NAME = "$(TARGET_NAME)";
				SWIFT_EMIT_LOC_STRINGS = NO;
				SWIFT_VERSION = 5.0;
				TARGETED_DEVICE_FAMILY = "1,2";
				TEST_TARGET_NAME = "MVVM+CombineTraining";
			};
			name = Release;
		};
/* End XCBuildConfiguration section */

/* Begin XCConfigurationList section */
		4B8AC67728408719003E9783 /* Build configuration list for PBXProject "MVVM+CombineTraining" */ = {
			isa = XCConfigurationList;
			buildConfigurations = (
				4B8AC69E2840871C003E9783 /* Debug */,
				4B8AC69F2840871C003E9783 /* Release */,
			);
			defaultConfigurationIsVisible = 0;
			defaultConfigurationName = Release;
		};
		4B8AC6A02840871C003E9783 /* Build configuration list for PBXNativeTarget "MVVM+CombineTraining" */ = {
			isa = XCConfigurationList;
			buildConfigurations = (
				4B8AC6A12840871C003E9783 /* Debug */,
				4B8AC6A22840871C003E9783 /* Release */,
			);
			defaultConfigurationIsVisible = 0;
			defaultConfigurationName = Release;
		};
		4B8AC6A32840871C003E9783 /* Build configuration list for PBXNativeTarget "MVVM+CombineTrainingTests" */ = {
			isa = XCConfigurationList;
			buildConfigurations = (
				4B8AC6A42840871C003E9783 /* Debug */,
				4B8AC6A52840871C003E9783 /* Release */,
			);
			defaultConfigurationIsVisible = 0;
			defaultConfigurationName = Release;
		};
		4B8AC6A62840871C003E9783 /* Build configuration list for PBXNativeTarget "MVVM+CombineTrainingUITests" */ = {
			isa = XCConfigurationList;
			buildConfigurations = (
				4B8AC6A72840871C003E9783 /* Debug */,
				4B8AC6A82840871C003E9783 /* Release */,
			);
			defaultConfigurationIsVisible = 0;
			defaultConfigurationName = Release;
		};
/* End XCConfigurationList section */

/* Begin XCRemoteSwiftPackageReference section */
		4B8AC6F228435090003E9783 /* XCRemoteSwiftPackageReference "CombineCocoa" */ = {
			isa = XCRemoteSwiftPackageReference;
			repositoryURL = "https://github.com/CombineCommunity/CombineCocoa.git";
			requirement = {
				branch = main;
				kind = branch;
			};
		};
/* End XCRemoteSwiftPackageReference section */

/* Begin XCSwiftPackageProductDependency section */
		4B8AC6F328435090003E9783 /* CombineCocoa */ = {
			isa = XCSwiftPackageProductDependency;
			package = 4B8AC6F228435090003E9783 /* XCRemoteSwiftPackageReference "CombineCocoa" */;
			productName = CombineCocoa;
		};
/* End XCSwiftPackageProductDependency section */
	};
	rootObject = 4B8AC67428408719003E9783 /* Project object */;
}
